
Microsoft Visual Studio Solution File, Format Version 12.00
# Visual Studio Version 17
VisualStudioVersion = 17.8.34316.72
MinimumVisualStudioVersion = 10.0.40219.1
Project("{AA6C8D78-22FF-423A-9C7C-5F2393824E04}") = "EFReferenceChecker", "EFReferenceChecker.xsproj", "{A55D81FB-BFFD-4755-AE10-4843C45B1B99}"
EndProject
Project("{AA6C8D78-22FF-423A-9C7C-5F2393824E04}") = "EFReferenceCheckerTest", "EFReferenceCheckerTest\EFReferenceCheckerTest.xsproj", "{0F108CF4-8F86-4594-8588-7BACF7A5FDB8}"
EndProject
Global
	GlobalSection(SolutionConfigurationPlatforms) = preSolution
		Debug|Any CPU = Debug|Any CPU
		Release|Any CPU = Release|Any CPU
	EndGlobalSection
	GlobalSection(ProjectConfigurationPlatforms) = postSolution
		{A55D81FB-BFFD-4755-AE10-4843C45B1B99}.Debug|Any CPU.ActiveCfg = Debug|Any CPU
		{A55D81FB-BFFD-4755-AE10-4843C45B1B99}.Debug|Any CPU.Build.0 = Debug|Any CPU
		{A55D81FB-BFFD-4755-AE10-4843C45B1B99}.Release|Any CPU.ActiveCfg = Release|Any CPU
		{A55D81FB-BFFD-4755-AE10-4843C45B1B99}.Release|Any CPU.Build.0 = Release|Any CPU
		{0F108CF4-8F86-4594-8588-7BACF7A5FDB8}.Debug|Any CPU.ActiveCfg = Debug|Any CPU
		{0F108CF4-8F86-4594-8588-7BACF7A5FDB8}.Debug|Any CPU.Build.0 = Debug|Any CPU
		{0F108CF4-8F86-4594-8588-7BACF7A5FDB8}.Release|Any CPU.ActiveCfg = Release|Any CPU
		{0F108CF4-8F86-4594-8588-7BACF7A5FDB8}.Release|Any CPU.Build.0 = Release|Any CPU
	EndGlobalSection
	GlobalSection(SolutionProperties) = preSolution
		HideSolutionNode = FALSE
	EndGlobalSection
	GlobalSection(ExtensibilityGlobals) = postSolution
		SolutionGuid = {CD15A094-62CE-4DE5-A40E-87F8BD48C151}
	EndGlobalSection
EndGlobal
